// !$*UTF8*$!
{
	archiveVersion = 1;
	classes = {
	};
	objectVersion = 50;
	objects = {

/* Begin PBXBuildFile section */
		CA533CC626B523D300A618D9 /* BattleScreenViewModel.swift in Sources */ = {isa = PBXBuildFile; fileRef = CA533CC526B523D300A618D9 /* BattleScreenViewModel.swift */; };
		CA533CC826B5268D00A618D9 /* Monster.swift in Sources */ = {isa = PBXBuildFile; fileRef = CA533CC726B5268D00A618D9 /* Monster.swift */; };
		CA533CCA26B5958A00A618D9 /* HeroView.swift in Sources */ = {isa = PBXBuildFile; fileRef = CA533CC926B5958A00A618D9 /* HeroView.swift */; };
		CAE3994826AAB9DB0030A3BB /* RougueLikeApp.swift in Sources */ = {isa = PBXBuildFile; fileRef = CAE3994726AAB9DB0030A3BB /* RougueLikeApp.swift */; };
		CAE3994A26AAB9DB0030A3BB /* ContentView.swift in Sources */ = {isa = PBXBuildFile; fileRef = CAE3994926AAB9DB0030A3BB /* ContentView.swift */; };
		CAE3994C26AAB9E00030A3BB /* Assets.xcassets in Resources */ = {isa = PBXBuildFile; fileRef = CAE3994B26AAB9E00030A3BB /* Assets.xcassets */; };
		CAE3994F26AAB9E00030A3BB /* Preview Assets.xcassets in Resources */ = {isa = PBXBuildFile; fileRef = CAE3994E26AAB9E00030A3BB /* Preview Assets.xcassets */; };
		CAE3996126AAC2320030A3BB /* HeroStatsView.swift in Sources */ = {isa = PBXBuildFile; fileRef = CAE3996026AAC2320030A3BB /* HeroStatsView.swift */; };
		CAE3996426AAC4B50030A3BB /* HeroSheetView.swift in Sources */ = {isa = PBXBuildFile; fileRef = CAE3996326AAC4B50030A3BB /* HeroSheetView.swift */; };
		CAE3996626AAC8550030A3BB /* CollectiblesView.swift in Sources */ = {isa = PBXBuildFile; fileRef = CAE3996526AAC8550030A3BB /* CollectiblesView.swift */; };
		CAE3996A26AAD28A0030A3BB /* SingleCardView.swift in Sources */ = {isa = PBXBuildFile; fileRef = CAE3996926AAD28A0030A3BB /* SingleCardView.swift */; };
		CAE3996D26AAD4820030A3BB /* EnemyView.swift in Sources */ = {isa = PBXBuildFile; fileRef = CAE3996C26AAD4820030A3BB /* EnemyView.swift */; };
		CAE3997226AADF5B0030A3BB /* MainCardView.swift in Sources */ = {isa = PBXBuildFile; fileRef = CAE3997126AADF5B0030A3BB /* MainCardView.swift */; };
		CAE3997426AAF32E0030A3BB /* Card.swift in Sources */ = {isa = PBXBuildFile; fileRef = CAE3997326AAF32E0030A3BB /* Card.swift */; };
/* End PBXBuildFile section */

/* Begin PBXFileReference section */
		CA533CC526B523D300A618D9 /* BattleScreenViewModel.swift */ = {isa = PBXFileReference; lastKnownFileType = sourcecode.swift; path = BattleScreenViewModel.swift; sourceTree = "<group>"; };
		CA533CC726B5268D00A618D9 /* Monster.swift */ = {isa = PBXFileReference; lastKnownFileType = sourcecode.swift; path = Monster.swift; sourceTree = "<group>"; };
		CA533CC926B5958A00A618D9 /* HeroView.swift */ = {isa = PBXFileReference; lastKnownFileType = sourcecode.swift; path = HeroView.swift; sourceTree = "<group>"; };
		CAE3994426AAB9DB0030A3BB /* RougueLike.app */ = {isa = PBXFileReference; explicitFileType = wrapper.application; includeInIndex = 0; path = RougueLike.app; sourceTree = BUILT_PRODUCTS_DIR; };
		CAE3994726AAB9DB0030A3BB /* RougueLikeApp.swift */ = {isa = PBXFileReference; lastKnownFileType = sourcecode.swift; path = RougueLikeApp.swift; sourceTree = "<group>"; };
		CAE3994926AAB9DB0030A3BB /* ContentView.swift */ = {isa = PBXFileReference; lastKnownFileType = sourcecode.swift; path = ContentView.swift; sourceTree = "<group>"; };
		CAE3994B26AAB9E00030A3BB /* Assets.xcassets */ = {isa = PBXFileReference; lastKnownFileType = folder.assetcatalog; path = Assets.xcassets; sourceTree = "<group>"; };
		CAE3994E26AAB9E00030A3BB /* Preview Assets.xcassets */ = {isa = PBXFileReference; lastKnownFileType = folder.assetcatalog; path = "Preview Assets.xcassets"; sourceTree = "<group>"; };
		CAE3995026AAB9E00030A3BB /* Info.plist */ = {isa = PBXFileReference; lastKnownFileType = text.plist.xml; path = Info.plist; sourceTree = "<group>"; };
		CAE3996026AAC2320030A3BB /* HeroStatsView.swift */ = {isa = PBXFileReference; lastKnownFileType = sourcecode.swift; path = HeroStatsView.swift; sourceTree = "<group>"; };
		CAE3996326AAC4B50030A3BB /* HeroSheetView.swift */ = {isa = PBXFileReference; lastKnownFileType = sourcecode.swift; path = HeroSheetView.swift; sourceTree = "<group>"; };
		CAE3996526AAC8550030A3BB /* CollectiblesView.swift */ = {isa = PBXFileReference; lastKnownFileType = sourcecode.swift; path = CollectiblesView.swift; sourceTree = "<group>"; };
		CAE3996926AAD28A0030A3BB /* SingleCardView.swift */ = {isa = PBXFileReference; lastKnownFileType = sourcecode.swift; path = SingleCardView.swift; sourceTree = "<group>"; };
		CAE3996C26AAD4820030A3BB /* EnemyView.swift */ = {isa = PBXFileReference; lastKnownFileType = sourcecode.swift; path = EnemyView.swift; sourceTree = "<group>"; };
		CAE3997126AADF5B0030A3BB /* MainCardView.swift */ = {isa = PBXFileReference; lastKnownFileType = sourcecode.swift; path = MainCardView.swift; sourceTree = "<group>"; };
		CAE3997326AAF32E0030A3BB /* Card.swift */ = {isa = PBXFileReference; lastKnownFileType = sourcecode.swift; path = Card.swift; sourceTree = "<group>"; };
/* End PBXFileReference section */

/* Begin PBXFrameworksBuildPhase section */
		CAE3994126AAB9DB0030A3BB /* Frameworks */ = {
			isa = PBXFrameworksBuildPhase;
			buildActionMask = 2147483647;
			files = (
			);
			runOnlyForDeploymentPostprocessing = 0;
		};
/* End PBXFrameworksBuildPhase section */

/* Begin PBXGroup section */
		CAE3993B26AAB9DB0030A3BB = {
			isa = PBXGroup;
			children = (
				CAE3994626AAB9DB0030A3BB /* RougueLike */,
				CAE3994526AAB9DB0030A3BB /* Products */,
			);
			sourceTree = "<group>";
		};
		CAE3994526AAB9DB0030A3BB /* Products */ = {
			isa = PBXGroup;
			children = (
				CAE3994426AAB9DB0030A3BB /* RougueLike.app */,
			);
			name = Products;
			sourceTree = "<group>";
		};
		CAE3994626AAB9DB0030A3BB /* RougueLike */ = {
			isa = PBXGroup;
			children = (
				CAE3995926AABA020030A3BB /* Utils */,
				CAE3995826AAB9FB0030A3BB /* Models */,
				CAE3995726AAB9F40030A3BB /* ViewModels */,
				CAE3995626AAB9EF0030A3BB /* Views */,
				CAE3994726AAB9DB0030A3BB /* RougueLikeApp.swift */,
				CAE3994926AAB9DB0030A3BB /* ContentView.swift */,
				CAE3994B26AAB9E00030A3BB /* Assets.xcassets */,
				CAE3995026AAB9E00030A3BB /* Info.plist */,
				CAE3994D26AAB9E00030A3BB /* Preview Content */,
			);
			path = RougueLike;
			sourceTree = "<group>";
		};
		CAE3994D26AAB9E00030A3BB /* Preview Content */ = {
			isa = PBXGroup;
			children = (
				CAE3994E26AAB9E00030A3BB /* Preview Assets.xcassets */,
			);
			path = "Preview Content";
			sourceTree = "<group>";
		};
		CAE3995626AAB9EF0030A3BB /* Views */ = {
			isa = PBXGroup;
			children = (
				CAE3995F26AAC17C0030A3BB /* BattleView */,
				CAE3995A26AABFD40030A3BB /* LaunchScreen */,
				CAE3995B26AABFE60030A3BB /* MenuScreen */,
				CAE3995C26AAC04F0030A3BB /* SavedGames */,
				CAE3995D26AAC0560030A3BB /* MewGame */,
				CAE3995E26AAC11D0030A3BB /* TopDownRoomsView */,
			);
			path = Views;
			sourceTree = "<group>";
		};
		CAE3995726AAB9F40030A3BB /* ViewModels */ = {
			isa = PBXGroup;
			children = (
				CA533CC526B523D300A618D9 /* BattleScreenViewModel.swift */,
			);
			path = ViewModels;
			sourceTree = "<group>";
		};
		CAE3995826AAB9FB0030A3BB /* Models */ = {
			isa = PBXGroup;
			children = (
				CAE3997326AAF32E0030A3BB /* Card.swift */,
				CA533CC726B5268D00A618D9 /* Monster.swift */,
			);
			path = Models;
			sourceTree = "<group>";
		};
		CAE3995926AABA020030A3BB /* Utils */ = {
			isa = PBXGroup;
			children = (
			);
			path = Utils;
			sourceTree = "<group>";
		};
		CAE3995A26AABFD40030A3BB /* LaunchScreen */ = {
			isa = PBXGroup;
			children = (
			);
			path = LaunchScreen;
			sourceTree = "<group>";
		};
		CAE3995B26AABFE60030A3BB /* MenuScreen */ = {
			isa = PBXGroup;
			children = (
			);
			path = MenuScreen;
			sourceTree = "<group>";
		};
		CAE3995C26AAC04F0030A3BB /* SavedGames */ = {
			isa = PBXGroup;
			children = (
			);
			path = SavedGames;
			sourceTree = "<group>";
		};
		CAE3995D26AAC0560030A3BB /* MewGame */ = {
			isa = PBXGroup;
			children = (
			);
			path = MewGame;
			sourceTree = "<group>";
		};
		CAE3995E26AAC11D0030A3BB /* TopDownRoomsView */ = {
			isa = PBXGroup;
			children = (
			);
			path = TopDownRoomsView;
			sourceTree = "<group>";
		};
		CAE3995F26AAC17C0030A3BB /* BattleView */ = {
			isa = PBXGroup;
			children = (
				CAE3996E26AADF140030A3BB /* Main */,
				CAE3996B26AAD3C50030A3BB /* Top */,
				CAE3996826AAD2420030A3BB /* Middle */,
				CAE3996726AAD2310030A3BB /* Bottom */,
			);
			path = BattleView;
			sourceTree = "<group>";
		};
		CAE3996726AAD2310030A3BB /* Bottom */ = {
			isa = PBXGroup;
			children = (
				CAE3996026AAC2320030A3BB /* HeroStatsView.swift */,
				CAE3996526AAC8550030A3BB /* CollectiblesView.swift */,
				CA533CC926B5958A00A618D9 /* HeroView.swift */,
			);
			path = Bottom;
			sourceTree = "<group>";
		};
		CAE3996826AAD2420030A3BB /* Middle */ = {
			isa = PBXGroup;
			children = (
				CAE3996926AAD28A0030A3BB /* SingleCardView.swift */,
				CAE3997126AADF5B0030A3BB /* MainCardView.swift */,
			);
			path = Middle;
			sourceTree = "<group>";
		};
		CAE3996B26AAD3C50030A3BB /* Top */ = {
			isa = PBXGroup;
			children = (
				CAE3996C26AAD4820030A3BB /* EnemyView.swift */,
			);
			path = Top;
			sourceTree = "<group>";
		};
		CAE3996E26AADF140030A3BB /* Main */ = {
			isa = PBXGroup;
			children = (
				CAE3996326AAC4B50030A3BB /* HeroSheetView.swift */,
			);
			path = Main;
			sourceTree = "<group>";
		};
/* End PBXGroup section */

/* Begin PBXNativeTarget section */
		CAE3994326AAB9DB0030A3BB /* RougueLike */ = {
			isa = PBXNativeTarget;
			buildConfigurationList = CAE3995326AAB9E00030A3BB /* Build configuration list for PBXNativeTarget "RougueLike" */;
			buildPhases = (
				CAE3994026AAB9DB0030A3BB /* Sources */,
				CAE3994126AAB9DB0030A3BB /* Frameworks */,
				CAE3994226AAB9DB0030A3BB /* Resources */,
			);
			buildRules = (
			);
			dependencies = (
			);
			name = RougueLike;
			productName = RougueLike;
			productReference = CAE3994426AAB9DB0030A3BB /* RougueLike.app */;
			productType = "com.apple.product-type.application";
		};
/* End PBXNativeTarget section */

/* Begin PBXProject section */
		CAE3993C26AAB9DB0030A3BB /* Project object */ = {
			isa = PBXProject;
			attributes = {
				LastSwiftUpdateCheck = 1250;
				LastUpgradeCheck = 1250;
				TargetAttributes = {
					CAE3994326AAB9DB0030A3BB = {
						CreatedOnToolsVersion = 12.5.1;
					};
				};
			};
			buildConfigurationList = CAE3993F26AAB9DB0030A3BB /* Build configuration list for PBXProject "RougueLike" */;
			compatibilityVersion = "Xcode 9.3";
			developmentRegion = en;
			hasScannedForEncodings = 0;
			knownRegions = (
				en,
				Base,
			);
			mainGroup = CAE3993B26AAB9DB0030A3BB;
			productRefGroup = CAE3994526AAB9DB0030A3BB /* Products */;
			projectDirPath = "";
			projectRoot = "";
			targets = (
				CAE3994326AAB9DB0030A3BB /* RougueLike */,
			);
		};
/* End PBXProject section */

/* Begin PBXResourcesBuildPhase section */
		CAE3994226AAB9DB0030A3BB /* Resources */ = {
			isa = PBXResourcesBuildPhase;
			buildActionMask = 2147483647;
			files = (
				CAE3994F26AAB9E00030A3BB /* Preview Assets.xcassets in Resources */,
				CAE3994C26AAB9E00030A3BB /* Assets.xcassets in Resources */,
			);
			runOnlyForDeploymentPostprocessing = 0;
		};
/* End PBXResourcesBuildPhase section */

/* Begin PBXSourcesBuildPhase section */
		CAE3994026AAB9DB0030A3BB /* Sources */ = {
			isa = PBXSourcesBuildPhase;
			buildActionMask = 2147483647;
			files = (
				CAE3996426AAC4B50030A3BB /* HeroSheetView.swift in Sources */,
				CAE3997426AAF32E0030A3BB /* Card.swift in Sources */,
				CA533CCA26B5958A00A618D9 /* HeroView.swift in Sources */,
				CAE3996D26AAD4820030A3BB /* EnemyView.swift in Sources */,
				CAE3994A26AAB9DB0030A3BB /* ContentView.swift in Sources */,
				CAE3997226AADF5B0030A3BB /* MainCardView.swift in Sources */,
				CAE3996A26AAD28A0030A3BB /* SingleCardView.swift in Sources */,
				CAE3996126AAC2320030A3BB /* HeroStatsView.swift in Sources */,
				CA533CC826B5268D00A618D9 /* Monster.swift in Sources */,
				CAE3994826AAB9DB0030A3BB /* RougueLikeApp.swift in Sources */,
				CA533CC626B523D300A618D9 /* BattleScreenViewModel.swift in Sources */,
				CAE3996626AAC8550030A3BB /* CollectiblesView.swift in Sources */,
			);
			runOnlyForDeploymentPostprocessing = 0;
		};
/* End PBXSourcesBuildPhase section */

/* Begin XCBuildConfiguration section */
		CAE3995126AAB9E00030A3BB /* Debug */ = {
			isa = XCBuildConfiguration;
			buildSettings = {
				ALWAYS_SEARCH_USER_PATHS = NO;
				CLANG_ANALYZER_NONNULL = YES;
				CLANG_ANALYZER_NUMBER_OBJECT_CONVERSION = YES_AGGRESSIVE;
				CLANG_CXX_LANGUAGE_STANDARD = "gnu++14";
				CLANG_CXX_LIBRARY = "libc++";
				CLANG_ENABLE_MODULES = YES;
				CLANG_ENABLE_OBJC_ARC = YES;
				CLANG_ENABLE_OBJC_WEAK = YES;
				CLANG_WARN_BLOCK_CAPTURE_AUTORELEASING = YES;
				CLANG_WARN_BOOL_CONVERSION = YES;
				CLANG_WARN_COMMA = YES;
				CLANG_WARN_CONSTANT_CONVERSION = YES;
				CLANG_WARN_DEPRECATED_OBJC_IMPLEMENTATIONS = YES;
				CLANG_WARN_DIRECT_OBJC_ISA_USAGE = YES_ERROR;
				CLANG_WARN_DOCUMENTATION_COMMENTS = YES;
				CLANG_WARN_EMPTY_BODY = YES;
				CLANG_WARN_ENUM_CONVERSION = YES;
				CLANG_WARN_INFINITE_RECURSION = YES;
				CLANG_WARN_INT_CONVERSION = YES;
				CLANG_WARN_NON_LITERAL_NULL_CONVERSION = YES;
				CLANG_WARN_OBJC_IMPLICIT_RETAIN_SELF = YES;
				CLANG_WARN_OBJC_LITERAL_CONVERSION = YES;
				CLANG_WARN_OBJC_ROOT_CLASS = YES_ERROR;
				CLANG_WARN_QUOTED_INCLUDE_IN_FRAMEWORK_HEADER = YES;
				CLANG_WARN_RANGE_LOOP_ANALYSIS = YES;
				CLANG_WARN_STRICT_PROTOTYPES = YES;
				CLANG_WARN_SUSPICIOUS_MOVE = YES;
				CLANG_WARN_UNGUARDED_AVAILABILITY = YES_AGGRESSIVE;
				CLANG_WARN_UNREACHABLE_CODE = YES;
				CLANG_WARN__DUPLICATE_METHOD_MATCH = YES;
				COPY_PHASE_STRIP = NO;
				DEBUG_INFORMATION_FORMAT = dwarf;
				ENABLE_STRICT_OBJC_MSGSEND = YES;
				ENABLE_TESTABILITY = YES;
				GCC_C_LANGUAGE_STANDARD = gnu11;
				GCC_DYNAMIC_NO_PIC = NO;
				GCC_NO_COMMON_BLOCKS = YES;
				GCC_OPTIMIZATION_LEVEL = 0;
				GCC_PREPROCESSOR_DEFINITIONS = (
					"DEBUG=1",
					"$(inherited)",
				);
				GCC_WARN_64_TO_32_BIT_CONVERSION = YES;
				GCC_WARN_ABOUT_RETURN_TYPE = YES_ERROR;
				GCC_WARN_UNDECLARED_SELECTOR = YES;
				GCC_WARN_UNINITIALIZED_AUTOS = YES_AGGRESSIVE;
				GCC_WARN_UNUSED_FUNCTION = YES;
				GCC_WARN_UNUSED_VARIABLE = YES;
				IPHONEOS_DEPLOYMENT_TARGET = 14.5;
				MTL_ENABLE_DEBUG_INFO = INCLUDE_SOURCE;
				MTL_FAST_MATH = YES;
				ONLY_ACTIVE_ARCH = YES;
				SDKROOT = iphoneos;
				SWIFT_ACTIVE_COMPILATION_CONDITIONS = DEBUG;
				SWIFT_OPTIMIZATION_LEVEL = "-Onone";
			};
			name = Debug;
		};
		CAE3995226AAB9E00030A3BB /* Release */ = {
			isa = XCBuildConfiguration;
			buildSettings = {
				ALWAYS_SEARCH_USER_PATHS = NO;
				CLANG_ANALYZER_NONNULL = YES;
				CLANG_ANALYZER_NUMBER_OBJECT_CONVERSION = YES_AGGRESSIVE;
				CLANG_CXX_LANGUAGE_STANDARD = "gnu++14";
				CLANG_CXX_LIBRARY = "libc++";
				CLANG_ENABLE_MODULES = YES;
				CLANG_ENABLE_OBJC_ARC = YES;
				CLANG_ENABLE_OBJC_WEAK = YES;
				CLANG_WARN_BLOCK_CAPTURE_AUTORELEASING = YES;
				CLANG_WARN_BOOL_CONVERSION = YES;
				CLANG_WARN_COMMA = YES;
				CLANG_WARN_CONSTANT_CONVERSION = YES;
				CLANG_WARN_DEPRECATED_OBJC_IMPLEMENTATIONS = YES;
				CLANG_WARN_DIRECT_OBJC_ISA_USAGE = YES_ERROR;
				CLANG_WARN_DOCUMENTATION_COMMENTS = YES;
				CLANG_WARN_EMPTY_BODY = YES;
				CLANG_WARN_ENUM_CONVERSION = YES;
				CLANG_WARN_INFINITE_RECURSION = YES;
				CLANG_WARN_INT_CONVERSION = YES;
				CLANG_WARN_NON_LITERAL_NULL_CONVERSION = YES;
				CLANG_WARN_OBJC_IMPLICIT_RETAIN_SELF = YES;
				CLANG_WARN_OBJC_LITERAL_CONVERSION = YES;
				CLANG_WARN_OBJC_ROOT_CLASS = YES_ERROR;
				CLANG_WARN_QUOTED_INCLUDE_IN_FRAMEWORK_HEADER = YES;
				CLANG_WARN_RANGE_LOOP_ANALYSIS = YES;
				CLANG_WARN_STRICT_PROTOTYPES = YES;
				CLANG_WARN_SUSPICIOUS_MOVE = YES;
				CLANG_WARN_UNGUARDED_AVAILABILITY = YES_AGGRESSIVE;
				CLANG_WARN_UNREACHABLE_CODE = YES;
				CLANG_WARN__DUPLICATE_METHOD_MATCH = YES;
				COPY_PHASE_STRIP = NO;
				DEBUG_INFORMATION_FORMAT = "dwarf-with-dsym";
				ENABLE_NS_ASSERTIONS = NO;
				ENABLE_STRICT_OBJC_MSGSEND = YES;
				GCC_C_LANGUAGE_STANDARD = gnu11;
				GCC_NO_COMMON_BLOCKS = YES;
				GCC_WARN_64_TO_32_BIT_CONVERSION = YES;
				GCC_WARN_ABOUT_RETURN_TYPE = YES_ERROR;
				GCC_WARN_UNDECLARED_SELECTOR = YES;
				GCC_WARN_UNINITIALIZED_AUTOS = YES_AGGRESSIVE;
				GCC_WARN_UNUSED_FUNCTION = YES;
				GCC_WARN_UNUSED_VARIABLE = YES;
				IPHONEOS_DEPLOYMENT_TARGET = 14.5;
				MTL_ENABLE_DEBUG_INFO = NO;
				MTL_FAST_MATH = YES;
				SDKROOT = iphoneos;
				SWIFT_COMPILATION_MODE = wholemodule;
				SWIFT_OPTIMIZATION_LEVEL = "-O";
				VALIDATE_PRODUCT = YES;
			};
			name = Release;
		};
		CAE3995426AAB9E00030A3BB /* Debug */ = {
			isa = XCBuildConfiguration;
			buildSettings = {
				ASSETCATALOG_COMPILER_APPICON_NAME = AppIcon;
				ASSETCATALOG_COMPILER_GLOBAL_ACCENT_COLOR_NAME = AccentColor;
				CODE_SIGN_STYLE = Automatic;
				DEVELOPMENT_ASSET_PATHS = "\"RougueLike/Preview Content\"";
				DEVELOPMENT_TEAM = 48R5R4VQ57;
				ENABLE_PREVIEWS = YES;
				INFOPLIST_FILE = RougueLike/Info.plist;
				IPHONEOS_DEPLOYMENT_TARGET = 14.0;
				LD_RUNPATH_SEARCH_PATHS = (
					"$(inherited)",
					"@executable_path/Frameworks",
				);
				PRODUCT_BUNDLE_IDENTIFIER = com.erdemsenol.RougueLike;
				PRODUCT_NAME = "$(TARGET_NAME)";
				SWIFT_VERSION = 5.0;
				TARGETED_DEVICE_FAMILY = "1,2";
			};
			name = Debug;
		};
		CAE3995526AAB9E00030A3BB /* Release */ = {
			isa = XCBuildConfiguration;
			buildSettings = {
				ASSETCATALOG_COMPILER_APPICON_NAME = AppIcon;
				ASSETCATALOG_COMPILER_GLOBAL_ACCENT_COLOR_NAME = AccentColor;
				CODE_SIGN_STYLE = Automatic;
				DEVELOPMENT_ASSET_PATHS = "\"RougueLike/Preview Content\"";
				DEVELOPMENT_TEAM = 48R5R4VQ57;
				ENABLE_PREVIEWS = YES;
				INFOPLIST_FILE = RougueLike/Info.plist;
				IPHONEOS_DEPLOYMENT_TARGET = 14.0;
				LD_RUNPATH_SEARCH_PATHS = (
					"$(inherited)",
					"@executable_path/Frameworks",
				);
				PRODUCT_BUNDLE_IDENTIFIER = com.erdemsenol.RougueLike;
				PRODUCT_NAME = "$(TARGET_NAME)";
				SWIFT_VERSION = 5.0;
				TARGETED_DEVICE_FAMILY = "1,2";
			};
			name = Release;
		};
/* End XCBuildConfiguration section */

/* Begin XCConfigurationList section */
		CAE3993F26AAB9DB0030A3BB /* Build configuration list for PBXProject "RougueLike" */ = {
			isa = XCConfigurationList;
			buildConfigurations = (
				CAE3995126AAB9E00030A3BB /* Debug */,
				CAE3995226AAB9E00030A3BB /* Release */,
			);
			defaultConfigurationIsVisible = 0;
			defaultConfigurationName = Release;
		};
		CAE3995326AAB9E00030A3BB /* Build configuration list for PBXNativeTarget "RougueLike" */ = {
			isa = XCConfigurationList;
			buildConfigurations = (
				CAE3995426AAB9E00030A3BB /* Debug */,
				CAE3995526AAB9E00030A3BB /* Release */,
			);
			defaultConfigurationIsVisible = 0;
			defaultConfigurationName = Release;
		};
/* End XCConfigurationList section */
	};
	rootObject = CAE3993C26AAB9DB0030A3BB /* Project object */;
}
